{
  "name": "iota-streams-tutorial",
  "version": "1.0.0",
  "lockfileVersion": 1,
  "requires": true,
  "dependencies": {
    "@iota/streams-wasm": {
      "version": "1.1.0-beta.1",
      "resolved": "https://registry.npmjs.org/@iota/streams-wasm/-/streams-wasm-1.1.0-beta.1.tgz",
      "integrity": "sha512-AKYDbBRL4Gqw/ZKfENIKhQC9cAEeOtDlDP2qKfIyQCgUWLX0FPSS2g/JOCCkDLZeruEQySuhEHMSB7VEEBiUKQ==",
      "requires": {
        "node-fetch": "^2.6.0"
      }
    },
    "node-fetch": {
      "version": "2.6.1",
      "resolved": "https://registry.npmjs.org/node-fetch/-/node-fetch-2.6.1.tgz",
      "integrity": "sha512-V4aYg89jEoVRxRb2fJdAg8FHvI7cEyYdVAh94HH0UIK8oJxUfkjlDQN9RbMx+bEjP7+ggMiFRprSti032Oipxw=="
    }
  }
}
