{
  "name": "iota-streams-tutorial",
  "version": "1.0.0",
  "lockfileVersion": 1,
  "requires": true,
  "dependencies": {
    "@iota/streams": {
      "version": "0.1.2",
      "resolved": "https://registry.npmjs.org/@iota/streams/-/streams-0.1.2.tgz",
      "integrity": "sha512-sdlhviHvLVZ3hg0/mi5R4qtAI8vD+VTh0rXigeSnXpAH3hNiJFEYcn9fvlxFmZPeGqNlTVS6yy1q+AiNR711eg==",
      "requires": {
        "node-fetch": "^2.6.0"
      }
    },
    "node-fetch": {
      "version": "2.6.1",
      "resolved": "https://registry.npmjs.org/node-fetch/-/node-fetch-2.6.1.tgz",
      "integrity": "sha512-V4aYg89jEoVRxRb2fJdAg8FHvI7cEyYdVAh94HH0UIK8oJxUfkjlDQN9RbMx+bEjP7+ggMiFRprSti032Oipxw=="
    }
  }
}
